
Microsoft Visual Studio Solution File, Format Version 12.00
# Visual Studio Version 17
VisualStudioVersion = 17.7.34221.43
MinimumVisualStudioVersion = 10.0.40219.1
Project("{54A90642-561A-4BB1-A94E-469ADEE60C69}") = "angularapp", "angularapp\angularapp.esproj", "{EE2582E9-CEC2-4CF5-AE0F-8182C15A65E5}"
EndProject
Project("{9A19103F-16F7-4668-BE54-9A1E7A4F7556}") = "webapi", "webapi\webapi.csproj", "{B69DE9F3-E802-42B3-B426-56E0DBB3A706}"
EndProject
Global
	GlobalSection(SolutionConfigurationPlatforms) = preSolution
		Debug|Any CPU = Debug|Any CPU
		Release|Any CPU = Release|Any CPU
	EndGlobalSection
	GlobalSection(ProjectConfigurationPlatforms) = postSolution
		{EE2582E9-CEC2-4CF5-AE0F-8182C15A65E5}.Debug|Any CPU.ActiveCfg = Debug|Any CPU
		{EE2582E9-CEC2-4CF5-AE0F-8182C15A65E5}.Debug|Any CPU.Build.0 = Debug|Any CPU
		{EE2582E9-CEC2-4CF5-AE0F-8182C15A65E5}.Debug|Any CPU.Deploy.0 = Debug|Any CPU
		{EE2582E9-CEC2-4CF5-AE0F-8182C15A65E5}.Release|Any CPU.ActiveCfg = Release|Any CPU
		{EE2582E9-CEC2-4CF5-AE0F-8182C15A65E5}.Release|Any CPU.Build.0 = Release|Any CPU
		{EE2582E9-CEC2-4CF5-AE0F-8182C15A65E5}.Release|Any CPU.Deploy.0 = Release|Any CPU
		{B69DE9F3-E802-42B3-B426-56E0DBB3A706}.Debug|Any CPU.ActiveCfg = Debug|Any CPU
		{B69DE9F3-E802-42B3-B426-56E0DBB3A706}.Debug|Any CPU.Build.0 = Debug|Any CPU
		{B69DE9F3-E802-42B3-B426-56E0DBB3A706}.Release|Any CPU.ActiveCfg = Release|Any CPU
		{B69DE9F3-E802-42B3-B426-56E0DBB3A706}.Release|Any CPU.Build.0 = Release|Any CPU
	EndGlobalSection
	GlobalSection(SolutionProperties) = preSolution
		HideSolutionNode = FALSE
	EndGlobalSection
	GlobalSection(ExtensibilityGlobals) = postSolution
		SolutionGuid = {14CDDE18-AB9F-4F2D-ACFF-5EAECA0156F6}
	EndGlobalSection
EndGlobal
